<?xml version="1.0" encoding="UTF-8"?>
<!DOCTYPE plist PUBLIC "-//Apple//DTD PLIST 1.0//EN" "http://www.apple.com/DTDs/PropertyList-1.0.dtd">
<plist version="1.0">
<dict>
	<key>archiveVersion</key>
	<string>1</string>
	<key>classes</key>
	<dict/>
	<key>objectVersion</key>
	<string>46</string>
	<key>objects</key>
	<dict>
		<key>46335985404C4CB8BCEB3011</key>
		<dict>
			<key>buildActionMask</key>
			<string>2147483647</string>
			<key>files</key>
			<array/>
			<key>inputPaths</key>
			<array/>
			<key>isa</key>
			<string>PBXShellScriptBuildPhase</string>
			<key>name</key>
			<string>Check Pods Manifest.lock</string>
			<key>outputPaths</key>
			<array/>
			<key>runOnlyForDeploymentPostprocessing</key>
			<string>0</string>
			<key>shellPath</key>
			<string>/bin/sh</string>
			<key>shellScript</key>
			<string>diff "${PODS_ROOT}/../Podfile.lock" "${PODS_ROOT}/Manifest.lock" &gt; /dev/null
if [[ $? != 0 ]] ; then
    cat &lt;&lt; EOM
error: The sandbox is not in sync with the Podfile.lock. Run 'pod install' or update your CocoaPods installation.
EOM
    exit 1
fi
</string>
			<key>showEnvVarsInLog</key>
			<string>0</string>
		</dict>
		<key>50FAFBBC59FE44C5ADF15685</key>
		<dict>
			<key>includeInIndex</key>
			<string>1</string>
			<key>isa</key>
			<string>PBXFileReference</string>
			<key>lastKnownFileType</key>
			<string>text.xcconfig</string>
			<key>name</key>
			<string>Pods-iKu.xcconfig</string>
			<key>path</key>
			<string>Pods/Pods-iKu.xcconfig</string>
			<key>sourceTree</key>
			<string>&lt;group&gt;</string>
		</dict>
		<key>62C51AF6BFB04D0AA6A5C6D3</key>
		<dict>
			<key>fileRef</key>
			<string>B158F8F8B27B467AB5F0CA53</string>
			<key>isa</key>
			<string>PBXBuildFile</string>
		</dict>
		<key>6B2EF103192FA9B30069B81A</key>
		<dict>
			<key>fileEncoding</key>
			<string>4</string>
			<key>isa</key>
			<string>PBXFileReference</string>
			<key>lastKnownFileType</key>
			<string>sourcecode.c.h</string>
			<key>name</key>
			<string>IKUHaikuView.h</string>
			<key>path</key>
			<string>classes/IKUHaikuView.h</string>
			<key>sourceTree</key>
			<string>&lt;group&gt;</string>
		</dict>
		<key>6B2EF104192FA9B30069B81A</key>
		<dict>
			<key>fileEncoding</key>
			<string>4</string>
			<key>isa</key>
			<string>PBXFileReference</string>
			<key>lastKnownFileType</key>
			<string>sourcecode.c.objc</string>
			<key>name</key>
			<string>IKUHaikuView.m</string>
			<key>path</key>
			<string>classes/IKUHaikuView.m</string>
			<key>sourceTree</key>
			<string>&lt;group&gt;</string>
		</dict>
		<key>6B2EF105192FA9B30069B81A</key>
		<dict>
			<key>fileRef</key>
			<string>6B2EF104192FA9B30069B81A</string>
			<key>isa</key>
			<string>PBXBuildFile</string>
		</dict>
		<key>6B8CB12C192D29A900A119D5</key>
		<dict>
			<key>children</key>
			<array>
				<string>6B8CB13E192D29A900A119D5</string>
				<string>6B8CB157192D29A900A119D5</string>
				<string>6B8CB137192D29A900A119D5</string>
				<string>6B8CB136192D29A900A119D5</string>
				<string>50FAFBBC59FE44C5ADF15685</string>
			</array>
			<key>isa</key>
			<string>PBXGroup</string>
			<key>sourceTree</key>
			<string>&lt;group&gt;</string>
		</dict>
		<key>6B8CB12D192D29A900A119D5</key>
		<dict>
			<key>attributes</key>
			<dict>
				<key>CLASSPREFIX</key>
				<string>IKU</string>
				<key>LastUpgradeCheck</key>
				<string>0510</string>
				<key>ORGANIZATIONNAME</key>
				<string>Brisk Synergies</string>
			</dict>
			<key>buildConfigurationList</key>
			<string>6B8CB130192D29A900A119D5</string>
			<key>compatibilityVersion</key>
			<string>Xcode 3.2</string>
			<key>developmentRegion</key>
			<string>English</string>
			<key>hasScannedForEncodings</key>
			<string>0</string>
			<key>isa</key>
			<string>PBXProject</string>
			<key>knownRegions</key>
			<array>
				<string>en</string>
			</array>
			<key>mainGroup</key>
			<string>6B8CB12C192D29A900A119D5</string>
			<key>productRefGroup</key>
			<string>6B8CB136192D29A900A119D5</string>
			<key>projectDirPath</key>
			<string></string>
			<key>projectReferences</key>
			<array/>
			<key>projectRoot</key>
			<string></string>
			<key>targets</key>
			<array>
				<string>6B8CB134192D29A900A119D5</string>
				<string>6B8CB14F192D29A900A119D5</string>
			</array>
		</dict>
		<key>6B8CB130192D29A900A119D5</key>
		<dict>
			<key>buildConfigurations</key>
			<array>
				<string>6B8CB15F192D29A900A119D5</string>
				<string>6B8CB160192D29A900A119D5</string>
			</array>
			<key>defaultConfigurationIsVisible</key>
			<string>0</string>
			<key>defaultConfigurationName</key>
			<string>Release</string>
			<key>isa</key>
			<string>XCConfigurationList</string>
		</dict>
		<key>6B8CB131192D29A900A119D5</key>
		<dict>
			<key>buildActionMask</key>
			<string>2147483647</string>
			<key>files</key>
			<array>
				<string>6B2EF105192FA9B30069B81A</string>
				<string>6B8CB175192D2FC700A119D5</string>
				<string>6B8CB171192D2FB900A119D5</string>
				<string>6B8CB149192D29A900A119D5</string>
				<string>6B8CB17B192D3B4500A119D5</string>
				<string>6B8CB145192D29A900A119D5</string>
			</array>
			<key>isa</key>
			<string>PBXSourcesBuildPhase</string>
			<key>runOnlyForDeploymentPostprocessing</key>
			<string>0</string>
		</dict>
		<key>6B8CB132192D29A900A119D5</key>
		<dict>
			<key>buildActionMask</key>
			<string>2147483647</string>
			<key>files</key>
			<array>
				<string>6B8CB13B192D29A900A119D5</string>
				<string>6B8CB13D192D29A900A119D5</string>
				<string>6B8CB139192D29A900A119D5</string>
				<string>62C51AF6BFB04D0AA6A5C6D3</string>
			</array>
			<key>isa</key>
			<string>PBXFrameworksBuildPhase</string>
			<key>runOnlyForDeploymentPostprocessing</key>
			<string>0</string>
		</dict>
		<key>6B8CB133192D29A900A119D5</key>
		<dict>
			<key>buildActionMask</key>
			<string>2147483647</string>
			<key>files</key>
			<array>
				<string>6B8CB143192D29A900A119D5</string>
				<string>6B8CB16D192D2F3100A119D5</string>
				<string>6B8CB14B192D29A900A119D5</string>
				<string>6B8CB17D192D3CE000A119D5</string>
			</array>
			<key>isa</key>
			<string>PBXResourcesBuildPhase</string>
			<key>runOnlyForDeploymentPostprocessing</key>
			<string>0</string>
		</dict>
		<key>6B8CB134192D29A900A119D5</key>
		<dict>
			<key>buildConfigurationList</key>
			<string>6B8CB161192D29A900A119D5</string>
			<key>buildPhases</key>
			<array>
				<string>46335985404C4CB8BCEB3011</string>
				<string>6B8CB131192D29A900A119D5</string>
				<string>6B8CB132192D29A900A119D5</string>
				<string>6B8CB133192D29A900A119D5</string>
				<string>B305E661E2FF44ED92F45C9B</string>
			</array>
			<key>buildRules</key>
			<array/>
			<key>dependencies</key>
			<array/>
			<key>isa</key>
			<string>PBXNativeTarget</string>
			<key>name</key>
			<string>iKu</string>
			<key>productName</key>
			<string>iKu</string>
			<key>productReference</key>
			<string>6B8CB135192D29A900A119D5</string>
			<key>productType</key>
			<string>com.apple.product-type.application</string>
		</dict>
		<key>6B8CB135192D29A900A119D5</key>
		<dict>
			<key>explicitFileType</key>
			<string>wrapper.application</string>
			<key>includeInIndex</key>
			<string>0</string>
			<key>isa</key>
			<string>PBXFileReference</string>
			<key>path</key>
			<string>iKu.app</string>
			<key>sourceTree</key>
			<string>BUILT_PRODUCTS_DIR</string>
		</dict>
		<key>6B8CB136192D29A900A119D5</key>
		<dict>
			<key>children</key>
			<array>
				<string>6B8CB135192D29A900A119D5</string>
				<string>6B8CB150192D29A900A119D5</string>
			</array>
			<key>isa</key>
			<string>PBXGroup</string>
			<key>name</key>
			<string>Products</string>
			<key>sourceTree</key>
			<string>&lt;group&gt;</string>
		</dict>
		<key>6B8CB137192D29A900A119D5</key>
		<dict>
			<key>children</key>
			<array>
				<string>6B8CB138192D29A900A119D5</string>
				<string>6B8CB13A192D29A900A119D5</string>
				<string>6B8CB13C192D29A900A119D5</string>
				<string>6B8CB151192D29A900A119D5</string>
				<string>B158F8F8B27B467AB5F0CA53</string>
			</array>
			<key>isa</key>
			<string>PBXGroup</string>
			<key>name</key>
			<string>Frameworks</string>
			<key>sourceTree</key>
			<string>&lt;group&gt;</string>
		</dict>
		<key>6B8CB138192D29A900A119D5</key>
		<dict>
			<key>isa</key>
			<string>PBXFileReference</string>
			<key>lastKnownFileType</key>
			<string>wrapper.framework</string>
			<key>name</key>
			<string>Foundation.framework</string>
			<key>path</key>
			<string>System/Library/Frameworks/Foundation.framework</string>
			<key>sourceTree</key>
			<string>SDKROOT</string>
		</dict>
		<key>6B8CB139192D29A900A119D5</key>
		<dict>
			<key>fileRef</key>
			<string>6B8CB138192D29A900A119D5</string>
			<key>isa</key>
			<string>PBXBuildFile</string>
		</dict>
		<key>6B8CB13A192D29A900A119D5</key>
		<dict>
			<key>isa</key>
			<string>PBXFileReference</string>
			<key>lastKnownFileType</key>
			<string>wrapper.framework</string>
			<key>name</key>
			<string>CoreGraphics.framework</string>
			<key>path</key>
			<string>System/Library/Frameworks/CoreGraphics.framework</string>
			<key>sourceTree</key>
			<string>SDKROOT</string>
		</dict>
		<key>6B8CB13B192D29A900A119D5</key>
		<dict>
			<key>fileRef</key>
			<string>6B8CB13A192D29A900A119D5</string>
			<key>isa</key>
			<string>PBXBuildFile</string>
		</dict>
		<key>6B8CB13C192D29A900A119D5</key>
		<dict>
			<key>isa</key>
			<string>PBXFileReference</string>
			<key>lastKnownFileType</key>
			<string>wrapper.framework</string>
			<key>name</key>
			<string>UIKit.framework</string>
			<key>path</key>
			<string>System/Library/Frameworks/UIKit.framework</string>
			<key>sourceTree</key>
			<string>SDKROOT</string>
		</dict>
		<key>6B8CB13D192D29A900A119D5</key>
		<dict>
			<key>fileRef</key>
			<string>6B8CB13C192D29A900A119D5</string>
			<key>isa</key>
			<string>PBXBuildFile</string>
		</dict>
		<key>6B8CB13E192D29A900A119D5</key>
		<dict>
			<key>children</key>
			<array>
				<string>6B8CB16B192D2E9900A119D5</string>
				<string>6B8CB16A192D2E8100A119D5</string>
				<string>6B8CB147192D29A900A119D5</string>
				<string>6B8CB148192D29A900A119D5</string>
				<string>6B8CB14A192D29A900A119D5</string>
				<string>6B8CB13F192D29A900A119D5</string>
			</array>
			<key>isa</key>
			<string>PBXGroup</string>
			<key>path</key>
			<string>iKu</string>
			<key>sourceTree</key>
			<string>&lt;group&gt;</string>
		</dict>
		<key>6B8CB13F192D29A900A119D5</key>
		<dict>
			<key>children</key>
			<array>
				<string>6B8CB140192D29A900A119D5</string>
				<string>6B8CB141192D29A900A119D5</string>
				<string>6B8CB144192D29A900A119D5</string>
				<string>6B8CB146192D29A900A119D5</string>
			</array>
			<key>isa</key>
			<string>PBXGroup</string>
			<key>name</key>
			<string>Supporting Files</string>
			<key>sourceTree</key>
			<string>&lt;group&gt;</string>
		</dict>
		<key>6B8CB140192D29A900A119D5</key>
		<dict>
			<key>isa</key>
			<string>PBXFileReference</string>
			<key>lastKnownFileType</key>
			<string>text.plist.xml</string>
			<key>path</key>
			<string>iKu-Info.plist</string>
			<key>sourceTree</key>
			<string>&lt;group&gt;</string>
		</dict>
		<key>6B8CB141192D29A900A119D5</key>
		<dict>
			<key>children</key>
			<array>
				<string>6B8CB142192D29A900A119D5</string>
			</array>
			<key>isa</key>
			<string>PBXVariantGroup</string>
			<key>name</key>
			<string>InfoPlist.strings</string>
			<key>sourceTree</key>
			<string>&lt;group&gt;</string>
		</dict>
		<key>6B8CB142192D29A900A119D5</key>
		<dict>
			<key>isa</key>
			<string>PBXFileReference</string>
			<key>lastKnownFileType</key>
			<string>text.plist.strings</string>
			<key>name</key>
			<string>en</string>
			<key>path</key>
			<string>en.lproj/InfoPlist.strings</string>
			<key>sourceTree</key>
			<string>&lt;group&gt;</string>
		</dict>
		<key>6B8CB143192D29A900A119D5</key>
		<dict>
			<key>fileRef</key>
			<string>6B8CB141192D29A900A119D5</string>
			<key>isa</key>
			<string>PBXBuildFile</string>
		</dict>
		<key>6B8CB144192D29A900A119D5</key>
		<dict>
			<key>isa</key>
			<string>PBXFileReference</string>
			<key>lastKnownFileType</key>
			<string>sourcecode.c.objc</string>
			<key>path</key>
			<string>main.m</string>
			<key>sourceTree</key>
			<string>&lt;group&gt;</string>
		</dict>
		<key>6B8CB145192D29A900A119D5</key>
		<dict>
			<key>fileRef</key>
			<string>6B8CB144192D29A900A119D5</string>
			<key>isa</key>
			<string>PBXBuildFile</string>
		</dict>
		<key>6B8CB146192D29A900A119D5</key>
		<dict>
			<key>isa</key>
			<string>PBXFileReference</string>
			<key>lastKnownFileType</key>
			<string>sourcecode.c.h</string>
			<key>path</key>
			<string>iKu-Prefix.pch</string>
			<key>sourceTree</key>
			<string>&lt;group&gt;</string>
		</dict>
		<key>6B8CB147192D29A900A119D5</key>
		<dict>
			<key>isa</key>
			<string>PBXFileReference</string>
			<key>lastKnownFileType</key>
			<string>sourcecode.c.h</string>
			<key>path</key>
			<string>IKUAppDelegate.h</string>
			<key>sourceTree</key>
			<string>&lt;group&gt;</string>
		</dict>
		<key>6B8CB148192D29A900A119D5</key>
		<dict>
			<key>isa</key>
			<string>PBXFileReference</string>
			<key>lastKnownFileType</key>
			<string>sourcecode.c.objc</string>
			<key>path</key>
			<string>IKUAppDelegate.m</string>
			<key>sourceTree</key>
			<string>&lt;group&gt;</string>
		</dict>
		<key>6B8CB149192D29A900A119D5</key>
		<dict>
			<key>fileRef</key>
			<string>6B8CB148192D29A900A119D5</string>
			<key>isa</key>
			<string>PBXBuildFile</string>
		</dict>
		<key>6B8CB14A192D29A900A119D5</key>
		<dict>
			<key>isa</key>
			<string>PBXFileReference</string>
			<key>lastKnownFileType</key>
			<string>folder.assetcatalog</string>
			<key>path</key>
			<string>Images.xcassets</string>
			<key>sourceTree</key>
			<string>&lt;group&gt;</string>
		</dict>
		<key>6B8CB14B192D29A900A119D5</key>
		<dict>
			<key>fileRef</key>
			<string>6B8CB14A192D29A900A119D5</string>
			<key>isa</key>
			<string>PBXBuildFile</string>
		</dict>
		<key>6B8CB14C192D29A900A119D5</key>
		<dict>
			<key>buildActionMask</key>
			<string>2147483647</string>
			<key>files</key>
			<array>
				<string>6B8CB15E192D29A900A119D5</string>
				<string>6B8CB178192D37A500A119D5</string>
				<string>6B8CB177192D37A500A119D5</string>
			</array>
			<key>isa</key>
			<string>PBXSourcesBuildPhase</string>
			<key>runOnlyForDeploymentPostprocessing</key>
			<string>0</string>
		</dict>
		<key>6B8CB14D192D29A900A119D5</key>
		<dict>
			<key>buildActionMask</key>
			<string>2147483647</string>
			<key>files</key>
			<array>
				<string>6B8CB152192D29A900A119D5</string>
				<string>6B8CB154192D29A900A119D5</string>
				<string>6B8CB153192D29A900A119D5</string>
			</array>
			<key>isa</key>
			<string>PBXFrameworksBuildPhase</string>
			<key>runOnlyForDeploymentPostprocessing</key>
			<string>0</string>
		</dict>
		<key>6B8CB14E192D29A900A119D5</key>
		<dict>
			<key>buildActionMask</key>
			<string>2147483647</string>
			<key>files</key>
			<array>
				<string>6B8CB15C192D29A900A119D5</string>
				<string>6B8CB16E192D2F3100A119D5</string>
			</array>
			<key>isa</key>
			<string>PBXResourcesBuildPhase</string>
			<key>runOnlyForDeploymentPostprocessing</key>
			<string>0</string>
		</dict>
		<key>6B8CB14F192D29A900A119D5</key>
		<dict>
			<key>buildConfigurationList</key>
			<string>6B8CB164192D29A900A119D5</string>
			<key>buildPhases</key>
			<array>
				<string>6B8CB14C192D29A900A119D5</string>
				<string>6B8CB14D192D29A900A119D5</string>
				<string>6B8CB14E192D29A900A119D5</string>
			</array>
			<key>buildRules</key>
			<array/>
			<key>dependencies</key>
			<array/>
			<key>isa</key>
			<string>PBXNativeTarget</string>
			<key>name</key>
			<string>iKuTests</string>
			<key>productName</key>
			<string>iKuTests</string>
			<key>productReference</key>
			<string>6B8CB150192D29A900A119D5</string>
			<key>productType</key>
			<string>com.apple.product-type.bundle.unit-test</string>
		</dict>
		<key>6B8CB150192D29A900A119D5</key>
		<dict>
			<key>explicitFileType</key>
			<string>wrapper.cfbundle</string>
			<key>includeInIndex</key>
			<string>0</string>
			<key>isa</key>
			<string>PBXFileReference</string>
			<key>path</key>
			<string>iKuTests.xctest</string>
			<key>sourceTree</key>
			<string>BUILT_PRODUCTS_DIR</string>
		</dict>
		<key>6B8CB151192D29A900A119D5</key>
		<dict>
			<key>isa</key>
			<string>PBXFileReference</string>
			<key>lastKnownFileType</key>
			<string>wrapper.framework</string>
			<key>name</key>
			<string>XCTest.framework</string>
			<key>path</key>
			<string>Library/Frameworks/XCTest.framework</string>
			<key>sourceTree</key>
			<string>DEVELOPER_DIR</string>
		</dict>
		<key>6B8CB152192D29A900A119D5</key>
		<dict>
			<key>fileRef</key>
			<string>6B8CB151192D29A900A119D5</string>
			<key>isa</key>
			<string>PBXBuildFile</string>
		</dict>
		<key>6B8CB153192D29A900A119D5</key>
		<dict>
			<key>fileRef</key>
			<string>6B8CB138192D29A900A119D5</string>
			<key>isa</key>
			<string>PBXBuildFile</string>
		</dict>
		<key>6B8CB154192D29A900A119D5</key>
		<dict>
			<key>fileRef</key>
			<string>6B8CB13C192D29A900A119D5</string>
			<key>isa</key>
			<string>PBXBuildFile</string>
		</dict>
		<key>6B8CB157192D29A900A119D5</key>
		<dict>
			<key>children</key>
			<array>
				<string>6B8CB15D192D29A900A119D5</string>
				<string>6B8CB158192D29A900A119D5</string>
			</array>
			<key>isa</key>
			<string>PBXGroup</string>
			<key>path</key>
			<string>iKuTests</string>
			<key>sourceTree</key>
			<string>&lt;group&gt;</string>
		</dict>
		<key>6B8CB158192D29A900A119D5</key>
		<dict>
			<key>children</key>
			<array>
				<string>6B8CB159192D29A900A119D5</string>
				<string>6B8CB15A192D29A900A119D5</string>
			</array>
			<key>isa</key>
			<string>PBXGroup</string>
			<key>name</key>
			<string>Supporting Files</string>
			<key>sourceTree</key>
			<string>&lt;group&gt;</string>
		</dict>
		<key>6B8CB159192D29A900A119D5</key>
		<dict>
			<key>isa</key>
			<string>PBXFileReference</string>
			<key>lastKnownFileType</key>
			<string>text.plist.xml</string>
			<key>path</key>
			<string>iKuTests-Info.plist</string>
			<key>sourceTree</key>
			<string>&lt;group&gt;</string>
		</dict>
		<key>6B8CB15A192D29A900A119D5</key>
		<dict>
			<key>children</key>
			<array>
				<string>6B8CB15B192D29A900A119D5</string>
			</array>
			<key>isa</key>
			<string>PBXVariantGroup</string>
			<key>name</key>
			<string>InfoPlist.strings</string>
			<key>sourceTree</key>
			<string>&lt;group&gt;</string>
		</dict>
		<key>6B8CB15B192D29A900A119D5</key>
		<dict>
			<key>isa</key>
			<string>PBXFileReference</string>
			<key>lastKnownFileType</key>
			<string>text.plist.strings</string>
			<key>name</key>
			<string>en</string>
			<key>path</key>
			<string>en.lproj/InfoPlist.strings</string>
			<key>sourceTree</key>
			<string>&lt;group&gt;</string>
		</dict>
		<key>6B8CB15C192D29A900A119D5</key>
		<dict>
			<key>fileRef</key>
			<string>6B8CB15A192D29A900A119D5</string>
			<key>isa</key>
			<string>PBXBuildFile</string>
		</dict>
		<key>6B8CB15D192D29A900A119D5</key>
		<dict>
			<key>isa</key>
			<string>PBXFileReference</string>
			<key>lastKnownFileType</key>
			<string>sourcecode.c.objc</string>
			<key>path</key>
			<string>iKuTests.m</string>
			<key>sourceTree</key>
			<string>&lt;group&gt;</string>
		</dict>
		<key>6B8CB15E192D29A900A119D5</key>
		<dict>
			<key>fileRef</key>
			<string>6B8CB15D192D29A900A119D5</string>
			<key>isa</key>
			<string>PBXBuildFile</string>
		</dict>
		<key>6B8CB15F192D29A900A119D5</key>
		<dict>
			<key>buildSettings</key>
			<dict>
				<key>ALWAYS_SEARCH_USER_PATHS</key>
				<string>NO</string>
				<key>CLANG_CXX_LANGUAGE_STANDARD</key>
				<string>gnu++0x</string>
				<key>CLANG_CXX_LIBRARY</key>
				<string>libc++</string>
				<key>CLANG_ENABLE_MODULES</key>
				<string>YES</string>
				<key>CLANG_ENABLE_OBJC_ARC</key>
				<string>YES</string>
				<key>CLANG_WARN_BOOL_CONVERSION</key>
				<string>YES</string>
				<key>CLANG_WARN_CONSTANT_CONVERSION</key>
				<string>YES</string>
				<key>CLANG_WARN_DIRECT_OBJC_ISA_USAGE</key>
				<string>YES_ERROR</string>
				<key>CLANG_WARN_EMPTY_BODY</key>
				<string>YES</string>
				<key>CLANG_WARN_ENUM_CONVERSION</key>
				<string>YES</string>
				<key>CLANG_WARN_INT_CONVERSION</key>
				<string>YES</string>
				<key>CLANG_WARN_OBJC_ROOT_CLASS</key>
				<string>YES_ERROR</string>
				<key>CLANG_WARN__DUPLICATE_METHOD_MATCH</key>
				<string>YES</string>
				<key>CODE_SIGN_IDENTITY[sdk=iphoneos*]</key>
				<string>iPhone Developer</string>
				<key>COPY_PHASE_STRIP</key>
				<string>NO</string>
				<key>GCC_C_LANGUAGE_STANDARD</key>
				<string>gnu99</string>
				<key>GCC_DYNAMIC_NO_PIC</key>
				<string>NO</string>
				<key>GCC_OPTIMIZATION_LEVEL</key>
				<string>0</string>
				<key>GCC_PREPROCESSOR_DEFINITIONS</key>
				<array>
					<string>DEBUG=1</string>
					<string>$(inherited)</string>
				</array>
				<key>GCC_SYMBOLS_PRIVATE_EXTERN</key>
				<string>NO</string>
				<key>GCC_WARN_64_TO_32_BIT_CONVERSION</key>
				<string>YES</string>
				<key>GCC_WARN_ABOUT_RETURN_TYPE</key>
				<string>YES_ERROR</string>
				<key>GCC_WARN_UNDECLARED_SELECTOR</key>
				<string>YES</string>
				<key>GCC_WARN_UNINITIALIZED_AUTOS</key>
				<string>YES_AGGRESSIVE</string>
				<key>GCC_WARN_UNUSED_FUNCTION</key>
				<string>YES</string>
				<key>GCC_WARN_UNUSED_VARIABLE</key>
				<string>YES</string>
				<key>IPHONEOS_DEPLOYMENT_TARGET</key>
				<string>7.1</string>
				<key>ONLY_ACTIVE_ARCH</key>
				<string>YES</string>
				<key>SDKROOT</key>
				<string>iphoneos</string>
				<key>TARGETED_DEVICE_FAMILY</key>
				<string>1,2</string>
			</dict>
			<key>isa</key>
			<string>XCBuildConfiguration</string>
			<key>name</key>
			<string>Debug</string>
		</dict>
		<key>6B8CB160192D29A900A119D5</key>
		<dict>
			<key>buildSettings</key>
			<dict>
				<key>ALWAYS_SEARCH_USER_PATHS</key>
				<string>NO</string>
				<key>CLANG_CXX_LANGUAGE_STANDARD</key>
				<string>gnu++0x</string>
				<key>CLANG_CXX_LIBRARY</key>
				<string>libc++</string>
				<key>CLANG_ENABLE_MODULES</key>
				<string>YES</string>
				<key>CLANG_ENABLE_OBJC_ARC</key>
				<string>YES</string>
				<key>CLANG_WARN_BOOL_CONVERSION</key>
				<string>YES</string>
				<key>CLANG_WARN_CONSTANT_CONVERSION</key>
				<string>YES</string>
				<key>CLANG_WARN_DIRECT_OBJC_ISA_USAGE</key>
				<string>YES_ERROR</string>
				<key>CLANG_WARN_EMPTY_BODY</key>
				<string>YES</string>
				<key>CLANG_WARN_ENUM_CONVERSION</key>
				<string>YES</string>
				<key>CLANG_WARN_INT_CONVERSION</key>
				<string>YES</string>
				<key>CLANG_WARN_OBJC_ROOT_CLASS</key>
				<string>YES_ERROR</string>
				<key>CLANG_WARN__DUPLICATE_METHOD_MATCH</key>
				<string>YES</string>
				<key>CODE_SIGN_IDENTITY[sdk=iphoneos*]</key>
				<string>iPhone Developer</string>
				<key>COPY_PHASE_STRIP</key>
				<string>YES</string>
				<key>ENABLE_NS_ASSERTIONS</key>
				<string>NO</string>
				<key>GCC_C_LANGUAGE_STANDARD</key>
				<string>gnu99</string>
				<key>GCC_WARN_64_TO_32_BIT_CONVERSION</key>
				<string>YES</string>
				<key>GCC_WARN_ABOUT_RETURN_TYPE</key>
				<string>YES_ERROR</string>
				<key>GCC_WARN_UNDECLARED_SELECTOR</key>
				<string>YES</string>
				<key>GCC_WARN_UNINITIALIZED_AUTOS</key>
				<string>YES_AGGRESSIVE</string>
				<key>GCC_WARN_UNUSED_FUNCTION</key>
				<string>YES</string>
				<key>GCC_WARN_UNUSED_VARIABLE</key>
				<string>YES</string>
				<key>IPHONEOS_DEPLOYMENT_TARGET</key>
				<string>7.1</string>
				<key>SDKROOT</key>
				<string>iphoneos</string>
				<key>TARGETED_DEVICE_FAMILY</key>
				<string>1,2</string>
				<key>VALIDATE_PRODUCT</key>
				<string>YES</string>
			</dict>
			<key>isa</key>
			<string>XCBuildConfiguration</string>
			<key>name</key>
			<string>Release</string>
		</dict>
		<key>6B8CB161192D29A900A119D5</key>
		<dict>
			<key>buildConfigurations</key>
			<array>
				<string>6B8CB162192D29A900A119D5</string>
				<string>6B8CB163192D29A900A119D5</string>
			</array>
			<key>defaultConfigurationIsVisible</key>
			<string>0</string>
			<key>defaultConfigurationName</key>
			<string>Release</string>
			<key>isa</key>
			<string>XCConfigurationList</string>
		</dict>
		<key>6B8CB162192D29A900A119D5</key>
		<dict>
			<key>baseConfigurationReference</key>
			<string>50FAFBBC59FE44C5ADF15685</string>
			<key>buildSettings</key>
			<dict>
				<key>ASSETCATALOG_COMPILER_APPICON_NAME</key>
				<string>AppIcon</string>
				<key>ASSETCATALOG_COMPILER_LAUNCHIMAGE_NAME</key>
				<string>LaunchImage</string>
				<key>GCC_PRECOMPILE_PREFIX_HEADER</key>
				<string>YES</string>
				<key>GCC_PREFIX_HEADER</key>
				<string>iKu/iKu-Prefix.pch</string>
				<key>INFOPLIST_FILE</key>
				<string>iKu/iKu-Info.plist</string>
				<key>PRODUCT_NAME</key>
				<string>$(TARGET_NAME)</string>
				<key>WRAPPER_EXTENSION</key>
				<string>app</string>
			</dict>
			<key>isa</key>
			<string>XCBuildConfiguration</string>
			<key>name</key>
			<string>Debug</string>
		</dict>
		<key>6B8CB163192D29A900A119D5</key>
		<dict>
			<key>baseConfigurationReference</key>
			<string>50FAFBBC59FE44C5ADF15685</string>
			<key>buildSettings</key>
			<dict>
				<key>ASSETCATALOG_COMPILER_APPICON_NAME</key>
				<string>AppIcon</string>
				<key>ASSETCATALOG_COMPILER_LAUNCHIMAGE_NAME</key>
				<string>LaunchImage</string>
				<key>GCC_PRECOMPILE_PREFIX_HEADER</key>
				<string>YES</string>
				<key>GCC_PREFIX_HEADER</key>
				<string>iKu/iKu-Prefix.pch</string>
				<key>INFOPLIST_FILE</key>
				<string>iKu/iKu-Info.plist</string>
				<key>PRODUCT_NAME</key>
				<string>$(TARGET_NAME)</string>
				<key>WRAPPER_EXTENSION</key>
				<string>app</string>
			</dict>
			<key>isa</key>
			<string>XCBuildConfiguration</string>
			<key>name</key>
			<string>Release</string>
		</dict>
		<key>6B8CB164192D29A900A119D5</key>
		<dict>
			<key>buildConfigurations</key>
			<array>
				<string>6B8CB165192D29A900A119D5</string>
				<string>6B8CB166192D29A900A119D5</string>
			</array>
			<key>defaultConfigurationIsVisible</key>
			<string>0</string>
			<key>defaultConfigurationName</key>
			<string>Release</string>
			<key>isa</key>
			<string>XCConfigurationList</string>
		</dict>
		<key>6B8CB165192D29A900A119D5</key>
		<dict>
			<key>buildSettings</key>
			<dict>
				<key>FRAMEWORK_SEARCH_PATHS</key>
				<array>
					<string>$(SDKROOT)/Developer/Library/Frameworks</string>
					<string>$(inherited)</string>
					<string>$(DEVELOPER_FRAMEWORKS_DIR)</string>
				</array>
				<key>GCC_PRECOMPILE_PREFIX_HEADER</key>
				<string>YES</string>
				<key>GCC_PREFIX_HEADER</key>
				<string>iKu/iKu-Prefix.pch</string>
				<key>GCC_PREPROCESSOR_DEFINITIONS</key>
				<array>
					<string>DEBUG=1</string>
					<string>$(inherited)</string>
				</array>
				<key>INFOPLIST_FILE</key>
				<string>iKuTests/iKuTests-Info.plist</string>
				<key>PRODUCT_NAME</key>
				<string>$(TARGET_NAME)</string>
				<key>WRAPPER_EXTENSION</key>
				<string>xctest</string>
			</dict>
			<key>isa</key>
			<string>XCBuildConfiguration</string>
			<key>name</key>
			<string>Debug</string>
		</dict>
		<key>6B8CB166192D29A900A119D5</key>
		<dict>
			<key>buildSettings</key>
			<dict>
				<key>FRAMEWORK_SEARCH_PATHS</key>
				<array>
					<string>$(SDKROOT)/Developer/Library/Frameworks</string>
					<string>$(inherited)</string>
					<string>$(DEVELOPER_FRAMEWORKS_DIR)</string>
				</array>
				<key>GCC_PRECOMPILE_PREFIX_HEADER</key>
				<string>YES</string>
				<key>GCC_PREFIX_HEADER</key>
				<string>iKu/iKu-Prefix.pch</string>
				<key>INFOPLIST_FILE</key>
				<string>iKuTests/iKuTests-Info.plist</string>
				<key>PRODUCT_NAME</key>
				<string>$(TARGET_NAME)</string>
				<key>WRAPPER_EXTENSION</key>
				<string>xctest</string>
			</dict>
			<key>isa</key>
			<string>XCBuildConfiguration</string>
			<key>name</key>
			<string>Release</string>
		</dict>
		<key>6B8CB16A192D2E8100A119D5</key>
		<dict>
			<key>children</key>
			<array>
				<string>6B8CB179192D3B4500A119D5</string>
				<string>6B8CB17A192D3B4500A119D5</string>
				<string>6B2EF103192FA9B30069B81A</string>
				<string>6B2EF104192FA9B30069B81A</string>
				<string>6B8CB16F192D2FB900A119D5</string>
				<string>6B8CB170192D2FB900A119D5</string>
				<string>6B8CB173192D2FC700A119D5</string>
				<string>6B8CB174192D2FC700A119D5</string>
			</array>
			<key>isa</key>
			<string>PBXGroup</string>
			<key>name</key>
			<string>classes</string>
			<key>sourceTree</key>
			<string>&lt;group&gt;</string>
		</dict>
		<key>6B8CB16B192D2E9900A119D5</key>
		<dict>
			<key>children</key>
			<array>
				<string>6B8CB17C192D3CE000A119D5</string>
				<string>6B8CB16C192D2F3100A119D5</string>
			</array>
			<key>isa</key>
			<string>PBXGroup</string>
			<key>name</key>
			<string>resources</string>
			<key>sourceTree</key>
			<string>&lt;group&gt;</string>
		</dict>
		<key>6B8CB16C192D2F3100A119D5</key>
		<dict>
			<key>fileEncoding</key>
			<string>4</string>
			<key>isa</key>
			<string>PBXFileReference</string>
			<key>lastKnownFileType</key>
			<string>text.plist.xml</string>
			<key>path</key>
			<string>testhaiku.plist</string>
			<key>sourceTree</key>
			<string>&lt;group&gt;</string>
		</dict>
		<key>6B8CB16D192D2F3100A119D5</key>
		<dict>
			<key>fileRef</key>
			<string>6B8CB16C192D2F3100A119D5</string>
			<key>isa</key>
			<string>PBXBuildFile</string>
		</dict>
		<key>6B8CB16E192D2F3100A119D5</key>
		<dict>
			<key>fileRef</key>
			<string>6B8CB16C192D2F3100A119D5</string>
			<key>isa</key>
			<string>PBXBuildFile</string>
		</dict>
		<key>6B8CB16F192D2FB900A119D5</key>
		<dict>
			<key>fileEncoding</key>
			<string>4</string>
			<key>isa</key>
			<string>PBXFileReference</string>
			<key>lastKnownFileType</key>
			<string>sourcecode.c.h</string>
			<key>name</key>
			<string>IKUHaikuSource.h</string>
			<key>path</key>
			<string>classes/IKUHaikuSource.h</string>
			<key>sourceTree</key>
			<string>&lt;group&gt;</string>
		</dict>
		<key>6B8CB170192D2FB900A119D5</key>
		<dict>
			<key>fileEncoding</key>
			<string>4</string>
			<key>isa</key>
			<string>PBXFileReference</string>
			<key>lastKnownFileType</key>
			<string>sourcecode.c.objc</string>
			<key>name</key>
			<string>IKUHaikuSource.m</string>
			<key>path</key>
			<string>classes/IKUHaikuSource.m</string>
			<key>sourceTree</key>
			<string>&lt;group&gt;</string>
		</dict>
		<key>6B8CB171192D2FB900A119D5</key>
		<dict>
			<key>fileRef</key>
			<string>6B8CB170192D2FB900A119D5</string>
			<key>isa</key>
			<string>PBXBuildFile</string>
		</dict>
		<key>6B8CB173192D2FC700A119D5</key>
		<dict>
			<key>fileEncoding</key>
			<string>4</string>
			<key>isa</key>
			<string>PBXFileReference</string>
			<key>lastKnownFileType</key>
			<string>sourcecode.c.h</string>
			<key>name</key>
			<string>IKUHaiku.h</string>
			<key>path</key>
			<string>classes/IKUHaiku.h</string>
			<key>sourceTree</key>
			<string>&lt;group&gt;</string>
		</dict>
		<key>6B8CB174192D2FC700A119D5</key>
		<dict>
			<key>fileEncoding</key>
			<string>4</string>
			<key>isa</key>
			<string>PBXFileReference</string>
			<key>lastKnownFileType</key>
			<string>sourcecode.c.objc</string>
			<key>name</key>
			<string>IKUHaiku.m</string>
			<key>path</key>
			<string>classes/IKUHaiku.m</string>
			<key>sourceTree</key>
			<string>&lt;group&gt;</string>
		</dict>
		<key>6B8CB175192D2FC700A119D5</key>
		<dict>
			<key>fileRef</key>
			<string>6B8CB174192D2FC700A119D5</string>
			<key>isa</key>
			<string>PBXBuildFile</string>
		</dict>
		<key>6B8CB177192D37A500A119D5</key>
		<dict>
			<key>fileRef</key>
			<string>6B8CB170192D2FB900A119D5</string>
			<key>isa</key>
			<string>PBXBuildFile</string>
		</dict>
		<key>6B8CB178192D37A500A119D5</key>
		<dict>
			<key>fileRef</key>
			<string>6B8CB174192D2FC700A119D5</string>
			<key>isa</key>
			<string>PBXBuildFile</string>
		</dict>
		<key>6B8CB179192D3B4500A119D5</key>
		<dict>
			<key>fileEncoding</key>
			<string>4</string>
			<key>isa</key>
			<string>PBXFileReference</string>
			<key>lastKnownFileType</key>
			<string>sourcecode.c.h</string>
			<key>name</key>
			<string>IKUMainViewController.h</string>
			<key>path</key>
			<string>classes/IKUMainViewController.h</string>
			<key>sourceTree</key>
			<string>&lt;group&gt;</string>
		</dict>
		<key>6B8CB17A192D3B4500A119D5</key>
		<dict>
			<key>fileEncoding</key>
			<string>4</string>
			<key>isa</key>
			<string>PBXFileReference</string>
			<key>lastKnownFileType</key>
			<string>sourcecode.c.objc</string>
			<key>name</key>
			<string>IKUMainViewController.m</string>
			<key>path</key>
			<string>classes/IKUMainViewController.m</string>
			<key>sourceTree</key>
			<string>&lt;group&gt;</string>
		</dict>
		<key>6B8CB17B192D3B4500A119D5</key>
		<dict>
			<key>fileRef</key>
			<string>6B8CB17A192D3B4500A119D5</string>
			<key>isa</key>
			<string>PBXBuildFile</string>
		</dict>
		<key>6B8CB17C192D3CE000A119D5</key>
		<dict>
			<key>fileEncoding</key>
			<string>4</string>
			<key>isa</key>
			<string>PBXFileReference</string>
			<key>lastKnownFileType</key>
			<string>file.storyboard</string>
			<key>name</key>
			<string>iphone.storyboard</string>
			<key>path</key>
			<string>resources/iphone.storyboard</string>
			<key>sourceTree</key>
			<string>&lt;group&gt;</string>
		</dict>
		<key>6B8CB17D192D3CE000A119D5</key>
		<dict>
			<key>fileRef</key>
			<string>6B8CB17C192D3CE000A119D5</string>
			<key>isa</key>
			<string>PBXBuildFile</string>
		</dict>
		<key>B158F8F8B27B467AB5F0CA53</key>
		<dict>
			<key>explicitFileType</key>
			<string>archive.ar</string>
			<key>includeInIndex</key>
			<string>0</string>
			<key>isa</key>
			<string>PBXFileReference</string>
			<key>path</key>
			<string>libPods-iKu.a</string>
			<key>sourceTree</key>
			<string>BUILT_PRODUCTS_DIR</string>
		</dict>
		<key>B305E661E2FF44ED92F45C9B</key>
		<dict>
			<key>buildActionMask</key>
			<string>2147483647</string>
			<key>files</key>
			<array/>
			<key>inputPaths</key>
			<array/>
			<key>isa</key>
			<string>PBXShellScriptBuildPhase</string>
			<key>name</key>
			<string>Copy Pods Resources</string>
			<key>outputPaths</key>
			<array/>
			<key>runOnlyForDeploymentPostprocessing</key>
			<string>0</string>
			<key>shellPath</key>
			<string>/bin/sh</string>
			<key>shellScript</key>
			<string>"${SRCROOT}/Pods/Pods-iKu-resources.sh"
</string>
			<key>showEnvVarsInLog</key>
			<string>0</string>
		</dict>
	</dict>
	<key>rootObject</key>
	<string>6B8CB12D192D29A900A119D5</string>
</dict>
</plist>
