// !$*UTF8*$!
{
	archiveVersion = 1;
	classes = {
	};
	objectVersion = 46;
	objects = {

/* Begin PBXBuildFile section */
		6B8CB139192D29A900A119D5 /* Foundation.framework in Frameworks */ = {isa = PBXBuildFile; fileRef = 6B8CB138192D29A900A119D5 /* Foundation.framework */; };
		6B8CB13B192D29A900A119D5 /* CoreGraphics.framework in Frameworks */ = {isa = PBXBuildFile; fileRef = 6B8CB13A192D29A900A119D5 /* CoreGraphics.framework */; };
		6B8CB13D192D29A900A119D5 /* UIKit.framework in Frameworks */ = {isa = PBXBuildFile; fileRef = 6B8CB13C192D29A900A119D5 /* UIKit.framework */; };
		6B8CB143192D29A900A119D5 /* InfoPlist.strings in Resources */ = {isa = PBXBuildFile; fileRef = 6B8CB141192D29A900A119D5 /* InfoPlist.strings */; };
		6B8CB145192D29A900A119D5 /* main.m in Sources */ = {isa = PBXBuildFile; fileRef = 6B8CB144192D29A900A119D5 /* main.m */; };
		6B8CB149192D29A900A119D5 /* IKUAppDelegate.m in Sources */ = {isa = PBXBuildFile; fileRef = 6B8CB148192D29A900A119D5 /* IKUAppDelegate.m */; };
		6B8CB14B192D29A900A119D5 /* Images.xcassets in Resources */ = {isa = PBXBuildFile; fileRef = 6B8CB14A192D29A900A119D5 /* Images.xcassets */; };
		6B8CB152192D29A900A119D5 /* XCTest.framework in Frameworks */ = {isa = PBXBuildFile; fileRef = 6B8CB151192D29A900A119D5 /* XCTest.framework */; };
		6B8CB153192D29A900A119D5 /* Foundation.framework in Frameworks */ = {isa = PBXBuildFile; fileRef = 6B8CB138192D29A900A119D5 /* Foundation.framework */; };
		6B8CB154192D29A900A119D5 /* UIKit.framework in Frameworks */ = {isa = PBXBuildFile; fileRef = 6B8CB13C192D29A900A119D5 /* UIKit.framework */; };
		6B8CB15C192D29A900A119D5 /* InfoPlist.strings in Resources */ = {isa = PBXBuildFile; fileRef = 6B8CB15A192D29A900A119D5 /* InfoPlist.strings */; };
		6B8CB15E192D29A900A119D5 /* iKuTests.m in Sources */ = {isa = PBXBuildFile; fileRef = 6B8CB15D192D29A900A119D5 /* iKuTests.m */; };
		6B8CB16D192D2F3100A119D5 /* testhaiku.plist in Resources */ = {isa = PBXBuildFile; fileRef = 6B8CB16C192D2F3100A119D5 /* testhaiku.plist */; };
		6B8CB16E192D2F3100A119D5 /* testhaiku.plist in Resources */ = {isa = PBXBuildFile; fileRef = 6B8CB16C192D2F3100A119D5 /* testhaiku.plist */; };
		6B8CB171192D2FB900A119D5 /* IKUHaikuSource.m in Sources */ = {isa = PBXBuildFile; fileRef = 6B8CB170192D2FB900A119D5 /* IKUHaikuSource.m */; };
		6B8CB172192D2FB900A119D5 /* IKUHaikuSource.m in Sources */ = {isa = PBXBuildFile; fileRef = 6B8CB170192D2FB900A119D5 /* IKUHaikuSource.m */; };
		6B8CB175192D2FC700A119D5 /* IKUHaiku.m in Sources */ = {isa = PBXBuildFile; fileRef = 6B8CB174192D2FC700A119D5 /* IKUHaiku.m */; };
		6B8CB176192D2FC700A119D5 /* IKUHaiku.m in Sources */ = {isa = PBXBuildFile; fileRef = 6B8CB174192D2FC700A119D5 /* IKUHaiku.m */; };
/* End PBXBuildFile section */

/* Begin PBXContainerItemProxy section */
		6B8CB155192D29A900A119D5 /* PBXContainerItemProxy */ = {
			isa = PBXContainerItemProxy;
			containerPortal = 6B8CB12D192D29A900A119D5 /* Project object */;
			proxyType = 1;
			remoteGlobalIDString = 6B8CB134192D29A900A119D5;
			remoteInfo = iKu;
		};
/* End PBXContainerItemProxy section */

/* Begin PBXFileReference section */
		6B8CB135192D29A900A119D5 /* iKu.app */ = {isa = PBXFileReference; explicitFileType = wrapper.application; includeInIndex = 0; path = iKu.app; sourceTree = BUILT_PRODUCTS_DIR; };
		6B8CB138192D29A900A119D5 /* Foundation.framework */ = {isa = PBXFileReference; lastKnownFileType = wrapper.framework; name = Foundation.framework; path = System/Library/Frameworks/Foundation.framework; sourceTree = SDKROOT; };
		6B8CB13A192D29A900A119D5 /* CoreGraphics.framework */ = {isa = PBXFileReference; lastKnownFileType = wrapper.framework; name = CoreGraphics.framework; path = System/Library/Frameworks/CoreGraphics.framework; sourceTree = SDKROOT; };
		6B8CB13C192D29A900A119D5 /* UIKit.framework */ = {isa = PBXFileReference; lastKnownFileType = wrapper.framework; name = UIKit.framework; path = System/Library/Frameworks/UIKit.framework; sourceTree = SDKROOT; };
		6B8CB140192D29A900A119D5 /* iKu-Info.plist */ = {isa = PBXFileReference; lastKnownFileType = text.plist.xml; path = "iKu-Info.plist"; sourceTree = "<group>"; };
		6B8CB142192D29A900A119D5 /* en */ = {isa = PBXFileReference; lastKnownFileType = text.plist.strings; name = en; path = en.lproj/InfoPlist.strings; sourceTree = "<group>"; };
		6B8CB144192D29A900A119D5 /* main.m */ = {isa = PBXFileReference; lastKnownFileType = sourcecode.c.objc; path = main.m; sourceTree = "<group>"; };
		6B8CB146192D29A900A119D5 /* iKu-Prefix.pch */ = {isa = PBXFileReference; lastKnownFileType = sourcecode.c.h; path = "iKu-Prefix.pch"; sourceTree = "<group>"; };
		6B8CB147192D29A900A119D5 /* IKUAppDelegate.h */ = {isa = PBXFileReference; lastKnownFileType = sourcecode.c.h; path = IKUAppDelegate.h; sourceTree = "<group>"; };
		6B8CB148192D29A900A119D5 /* IKUAppDelegate.m */ = {isa = PBXFileReference; lastKnownFileType = sourcecode.c.objc; path = IKUAppDelegate.m; sourceTree = "<group>"; };
		6B8CB14A192D29A900A119D5 /* Images.xcassets */ = {isa = PBXFileReference; lastKnownFileType = folder.assetcatalog; path = Images.xcassets; sourceTree = "<group>"; };
		6B8CB150192D29A900A119D5 /* iKuTests.xctest */ = {isa = PBXFileReference; explicitFileType = wrapper.cfbundle; includeInIndex = 0; path = iKuTests.xctest; sourceTree = BUILT_PRODUCTS_DIR; };
		6B8CB151192D29A900A119D5 /* XCTest.framework */ = {isa = PBXFileReference; lastKnownFileType = wrapper.framework; name = XCTest.framework; path = Library/Frameworks/XCTest.framework; sourceTree = DEVELOPER_DIR; };
		6B8CB159192D29A900A119D5 /* iKuTests-Info.plist */ = {isa = PBXFileReference; lastKnownFileType = text.plist.xml; path = "iKuTests-Info.plist"; sourceTree = "<group>"; };
		6B8CB15B192D29A900A119D5 /* en */ = {isa = PBXFileReference; lastKnownFileType = text.plist.strings; name = en; path = en.lproj/InfoPlist.strings; sourceTree = "<group>"; };
		6B8CB15D192D29A900A119D5 /* iKuTests.m */ = {isa = PBXFileReference; lastKnownFileType = sourcecode.c.objc; path = iKuTests.m; sourceTree = "<group>"; };
		6B8CB16C192D2F3100A119D5 /* testhaiku.plist */ = {isa = PBXFileReference; fileEncoding = 4; lastKnownFileType = text.plist.xml; path = testhaiku.plist; sourceTree = "<group>"; };
		6B8CB16F192D2FB900A119D5 /* IKUHaikuSource.h */ = {isa = PBXFileReference; fileEncoding = 4; lastKnownFileType = sourcecode.c.h; name = IKUHaikuSource.h; path = classes/IKUHaikuSource.h; sourceTree = "<group>"; };
		6B8CB170192D2FB900A119D5 /* IKUHaikuSource.m */ = {isa = PBXFileReference; fileEncoding = 4; lastKnownFileType = sourcecode.c.objc; name = IKUHaikuSource.m; path = classes/IKUHaikuSource.m; sourceTree = "<group>"; };
		6B8CB173192D2FC700A119D5 /* IKUHaiku.h */ = {isa = PBXFileReference; fileEncoding = 4; lastKnownFileType = sourcecode.c.h; name = IKUHaiku.h; path = classes/IKUHaiku.h; sourceTree = "<group>"; };
		6B8CB174192D2FC700A119D5 /* IKUHaiku.m */ = {isa = PBXFileReference; fileEncoding = 4; lastKnownFileType = sourcecode.c.objc; name = IKUHaiku.m; path = classes/IKUHaiku.m; sourceTree = "<group>"; };
/* End PBXFileReference section */

/* Begin PBXFrameworksBuildPhase section */
		6B8CB132192D29A900A119D5 /* Frameworks */ = {
			isa = PBXFrameworksBuildPhase;
			buildActionMask = 2147483647;
			files = (
				6B8CB13B192D29A900A119D5 /* CoreGraphics.framework in Frameworks */,
				6B8CB13D192D29A900A119D5 /* UIKit.framework in Frameworks */,
				6B8CB139192D29A900A119D5 /* Foundation.framework in Frameworks */,
			);
			runOnlyForDeploymentPostprocessing = 0;
		};
		6B8CB14D192D29A900A119D5 /* Frameworks */ = {
			isa = PBXFrameworksBuildPhase;
			buildActionMask = 2147483647;
			files = (
				6B8CB152192D29A900A119D5 /* XCTest.framework in Frameworks */,
				6B8CB154192D29A900A119D5 /* UIKit.framework in Frameworks */,
				6B8CB153192D29A900A119D5 /* Foundation.framework in Frameworks */,
			);
			runOnlyForDeploymentPostprocessing = 0;
		};
/* End PBXFrameworksBuildPhase section */

/* Begin PBXGroup section */
		6B8CB12C192D29A900A119D5 = {
			isa = PBXGroup;
			children = (
				6B8CB13E192D29A900A119D5 /* iKu */,
				6B8CB157192D29A900A119D5 /* iKuTests */,
				6B8CB137192D29A900A119D5 /* Frameworks */,
				6B8CB136192D29A900A119D5 /* Products */,
			);
			sourceTree = "<group>";
		};
		6B8CB136192D29A900A119D5 /* Products */ = {
			isa = PBXGroup;
			children = (
				6B8CB135192D29A900A119D5 /* iKu.app */,
				6B8CB150192D29A900A119D5 /* iKuTests.xctest */,
			);
			name = Products;
			sourceTree = "<group>";
		};
		6B8CB137192D29A900A119D5 /* Frameworks */ = {
			isa = PBXGroup;
			children = (
				6B8CB138192D29A900A119D5 /* Foundation.framework */,
				6B8CB13A192D29A900A119D5 /* CoreGraphics.framework */,
				6B8CB13C192D29A900A119D5 /* UIKit.framework */,
				6B8CB151192D29A900A119D5 /* XCTest.framework */,
			);
			name = Frameworks;
			sourceTree = "<group>";
		};
		6B8CB13E192D29A900A119D5 /* iKu */ = {
			isa = PBXGroup;
			children = (
				6B8CB16B192D2E9900A119D5 /* resources */,
				6B8CB16A192D2E8100A119D5 /* classes */,
				6B8CB147192D29A900A119D5 /* IKUAppDelegate.h */,
				6B8CB148192D29A900A119D5 /* IKUAppDelegate.m */,
				6B8CB14A192D29A900A119D5 /* Images.xcassets */,
				6B8CB13F192D29A900A119D5 /* Supporting Files */,
			);
			path = iKu;
			sourceTree = "<group>";
		};
		6B8CB13F192D29A900A119D5 /* Supporting Files */ = {
			isa = PBXGroup;
			children = (
				6B8CB140192D29A900A119D5 /* iKu-Info.plist */,
				6B8CB141192D29A900A119D5 /* InfoPlist.strings */,
				6B8CB144192D29A900A119D5 /* main.m */,
				6B8CB146192D29A900A119D5 /* iKu-Prefix.pch */,
			);
			name = "Supporting Files";
			sourceTree = "<group>";
		};
		6B8CB157192D29A900A119D5 /* iKuTests */ = {
			isa = PBXGroup;
			children = (
				6B8CB15D192D29A900A119D5 /* iKuTests.m */,
				6B8CB158192D29A900A119D5 /* Supporting Files */,
			);
			path = iKuTests;
			sourceTree = "<group>";
		};
		6B8CB158192D29A900A119D5 /* Supporting Files */ = {
			isa = PBXGroup;
			children = (
				6B8CB159192D29A900A119D5 /* iKuTests-Info.plist */,
				6B8CB15A192D29A900A119D5 /* InfoPlist.strings */,
			);
			name = "Supporting Files";
			sourceTree = "<group>";
		};
		6B8CB16A192D2E8100A119D5 /* classes */ = {
			isa = PBXGroup;
			children = (
				6B8CB16F192D2FB900A119D5 /* IKUHaikuSource.h */,
				6B8CB170192D2FB900A119D5 /* IKUHaikuSource.m */,
				6B8CB173192D2FC700A119D5 /* IKUHaiku.h */,
				6B8CB174192D2FC700A119D5 /* IKUHaiku.m */,
			);
			name = classes;
			sourceTree = "<group>";
		};
		6B8CB16B192D2E9900A119D5 /* resources */ = {
			isa = PBXGroup;
			children = (
				6B8CB16C192D2F3100A119D5 /* testhaiku.plist */,
			);
			name = resources;
			sourceTree = "<group>";
		};
/* End PBXGroup section */

/* Begin PBXNativeTarget section */
		6B8CB134192D29A900A119D5 /* iKu */ = {
			isa = PBXNativeTarget;
			buildConfigurationList = 6B8CB161192D29A900A119D5 /* Build configuration list for PBXNativeTarget "iKu" */;
			buildPhases = (
				6B8CB131192D29A900A119D5 /* Sources */,
				6B8CB132192D29A900A119D5 /* Frameworks */,
				6B8CB133192D29A900A119D5 /* Resources */,
			);
			buildRules = (
			);
			dependencies = (
			);
			name = iKu;
			productName = iKu;
			productReference = 6B8CB135192D29A900A119D5 /* iKu.app */;
			productType = "com.apple.product-type.application";
		};
		6B8CB14F192D29A900A119D5 /* iKuTests */ = {
			isa = PBXNativeTarget;
			buildConfigurationList = 6B8CB164192D29A900A119D5 /* Build configuration list for PBXNativeTarget "iKuTests" */;
			buildPhases = (
				6B8CB14C192D29A900A119D5 /* Sources */,
				6B8CB14D192D29A900A119D5 /* Frameworks */,
				6B8CB14E192D29A900A119D5 /* Resources */,
			);
			buildRules = (
			);
			dependencies = (
				6B8CB156192D29A900A119D5 /* PBXTargetDependency */,
			);
			name = iKuTests;
			productName = iKuTests;
			productReference = 6B8CB150192D29A900A119D5 /* iKuTests.xctest */;
			productType = "com.apple.product-type.bundle.unit-test";
		};
/* End PBXNativeTarget section */

/* Begin PBXProject section */
		6B8CB12D192D29A900A119D5 /* Project object */ = {
			isa = PBXProject;
			attributes = {
				CLASSPREFIX = IKU;
				LastUpgradeCheck = 0510;
				ORGANIZATIONNAME = "Brisk Synergies";
			};
			buildConfigurationList = 6B8CB130192D29A900A119D5 /* Build configuration list for PBXProject "iKu" */;
			compatibilityVersion = "Xcode 3.2";
			developmentRegion = English;
			hasScannedForEncodings = 0;
			knownRegions = (
				en,
			);
			mainGroup = 6B8CB12C192D29A900A119D5;
			productRefGroup = 6B8CB136192D29A900A119D5 /* Products */;
			projectDirPath = "";
			projectRoot = "";
			targets = (
				6B8CB134192D29A900A119D5 /* iKu */,
				6B8CB14F192D29A900A119D5 /* iKuTests */,
			);
		};
/* End PBXProject section */

/* Begin PBXResourcesBuildPhase section */
		6B8CB133192D29A900A119D5 /* Resources */ = {
			isa = PBXResourcesBuildPhase;
			buildActionMask = 2147483647;
			files = (
				6B8CB143192D29A900A119D5 /* InfoPlist.strings in Resources */,
				6B8CB16D192D2F3100A119D5 /* testhaiku.plist in Resources */,
				6B8CB14B192D29A900A119D5 /* Images.xcassets in Resources */,
			);
			runOnlyForDeploymentPostprocessing = 0;
		};
		6B8CB14E192D29A900A119D5 /* Resources */ = {
			isa = PBXResourcesBuildPhase;
			buildActionMask = 2147483647;
			files = (
				6B8CB15C192D29A900A119D5 /* InfoPlist.strings in Resources */,
				6B8CB16E192D2F3100A119D5 /* testhaiku.plist in Resources */,
			);
			runOnlyForDeploymentPostprocessing = 0;
		};
/* End PBXResourcesBuildPhase section */

/* Begin PBXSourcesBuildPhase section */
		6B8CB131192D29A900A119D5 /* Sources */ = {
			isa = PBXSourcesBuildPhase;
			buildActionMask = 2147483647;
			files = (
				6B8CB175192D2FC700A119D5 /* IKUHaiku.m in Sources */,
				6B8CB171192D2FB900A119D5 /* IKUHaikuSource.m in Sources */,
				6B8CB149192D29A900A119D5 /* IKUAppDelegate.m in Sources */,
				6B8CB145192D29A900A119D5 /* main.m in Sources */,
			);
			runOnlyForDeploymentPostprocessing = 0;
		};
		6B8CB14C192D29A900A119D5 /* Sources */ = {
			isa = PBXSourcesBuildPhase;
			buildActionMask = 2147483647;
			files = (
				6B8CB15E192D29A900A119D5 /* iKuTests.m in Sources */,
				6B8CB176192D2FC700A119D5 /* IKUHaiku.m in Sources */,
				6B8CB172192D2FB900A119D5 /* IKUHaikuSource.m in Sources */,
			);
			runOnlyForDeploymentPostprocessing = 0;
		};
/* End PBXSourcesBuildPhase section */

/* Begin PBXTargetDependency section */
		6B8CB156192D29A900A119D5 /* PBXTargetDependency */ = {
			isa = PBXTargetDependency;
			target = 6B8CB134192D29A900A119D5 /* iKu */;
			targetProxy = 6B8CB155192D29A900A119D5 /* PBXContainerItemProxy */;
		};
/* End PBXTargetDependency section */

/* Begin PBXVariantGroup section */
		6B8CB141192D29A900A119D5 /* InfoPlist.strings */ = {
			isa = PBXVariantGroup;
			children = (
				6B8CB142192D29A900A119D5 /* en */,
			);
			name = InfoPlist.strings;
			sourceTree = "<group>";
		};
		6B8CB15A192D29A900A119D5 /* InfoPlist.strings */ = {
			isa = PBXVariantGroup;
			children = (
				6B8CB15B192D29A900A119D5 /* en */,
			);
			name = InfoPlist.strings;
			sourceTree = "<group>";
		};
/* End PBXVariantGroup section */

/* Begin XCBuildConfiguration section */
		6B8CB15F192D29A900A119D5 /* Debug */ = {
			isa = XCBuildConfiguration;
			buildSettings = {
				ALWAYS_SEARCH_USER_PATHS = NO;
				CLANG_CXX_LANGUAGE_STANDARD = "gnu++0x";
				CLANG_CXX_LIBRARY = "libc++";
				CLANG_ENABLE_MODULES = YES;
				CLANG_ENABLE_OBJC_ARC = YES;
				CLANG_WARN_BOOL_CONVERSION = YES;
				CLANG_WARN_CONSTANT_CONVERSION = YES;
				CLANG_WARN_DIRECT_OBJC_ISA_USAGE = YES_ERROR;
				CLANG_WARN_EMPTY_BODY = YES;
				CLANG_WARN_ENUM_CONVERSION = YES;
				CLANG_WARN_INT_CONVERSION = YES;
				CLANG_WARN_OBJC_ROOT_CLASS = YES_ERROR;
				CLANG_WARN__DUPLICATE_METHOD_MATCH = YES;
				"CODE_SIGN_IDENTITY[sdk=iphoneos*]" = "iPhone Developer";
				COPY_PHASE_STRIP = NO;
				GCC_C_LANGUAGE_STANDARD = gnu99;
				GCC_DYNAMIC_NO_PIC = NO;
				GCC_OPTIMIZATION_LEVEL = 0;
				GCC_PREPROCESSOR_DEFINITIONS = (
					"DEBUG=1",
					"$(inherited)",
				);
				GCC_SYMBOLS_PRIVATE_EXTERN = NO;
				GCC_WARN_64_TO_32_BIT_CONVERSION = YES;
				GCC_WARN_ABOUT_RETURN_TYPE = YES_ERROR;
				GCC_WARN_UNDECLARED_SELECTOR = YES;
				GCC_WARN_UNINITIALIZED_AUTOS = YES_AGGRESSIVE;
				GCC_WARN_UNUSED_FUNCTION = YES;
				GCC_WARN_UNUSED_VARIABLE = YES;
				IPHONEOS_DEPLOYMENT_TARGET = 7.1;
				ONLY_ACTIVE_ARCH = YES;
				SDKROOT = iphoneos;
				TARGETED_DEVICE_FAMILY = "1,2";
			};
			name = Debug;
		};
		6B8CB160192D29A900A119D5 /* Release */ = {
			isa = XCBuildConfiguration;
			buildSettings = {
				ALWAYS_SEARCH_USER_PATHS = NO;
				CLANG_CXX_LANGUAGE_STANDARD = "gnu++0x";
				CLANG_CXX_LIBRARY = "libc++";
				CLANG_ENABLE_MODULES = YES;
				CLANG_ENABLE_OBJC_ARC = YES;
				CLANG_WARN_BOOL_CONVERSION = YES;
				CLANG_WARN_CONSTANT_CONVERSION = YES;
				CLANG_WARN_DIRECT_OBJC_ISA_USAGE = YES_ERROR;
				CLANG_WARN_EMPTY_BODY = YES;
				CLANG_WARN_ENUM_CONVERSION = YES;
				CLANG_WARN_INT_CONVERSION = YES;
				CLANG_WARN_OBJC_ROOT_CLASS = YES_ERROR;
				CLANG_WARN__DUPLICATE_METHOD_MATCH = YES;
				"CODE_SIGN_IDENTITY[sdk=iphoneos*]" = "iPhone Developer";
				COPY_PHASE_STRIP = YES;
				ENABLE_NS_ASSERTIONS = NO;
				GCC_C_LANGUAGE_STANDARD = gnu99;
				GCC_WARN_64_TO_32_BIT_CONVERSION = YES;
				GCC_WARN_ABOUT_RETURN_TYPE = YES_ERROR;
				GCC_WARN_UNDECLARED_SELECTOR = YES;
				GCC_WARN_UNINITIALIZED_AUTOS = YES_AGGRESSIVE;
				GCC_WARN_UNUSED_FUNCTION = YES;
				GCC_WARN_UNUSED_VARIABLE = YES;
				IPHONEOS_DEPLOYMENT_TARGET = 7.1;
				SDKROOT = iphoneos;
				TARGETED_DEVICE_FAMILY = "1,2";
				VALIDATE_PRODUCT = YES;
			};
			name = Release;
		};
		6B8CB162192D29A900A119D5 /* Debug */ = {
			isa = XCBuildConfiguration;
			buildSettings = {
				ASSETCATALOG_COMPILER_APPICON_NAME = AppIcon;
				ASSETCATALOG_COMPILER_LAUNCHIMAGE_NAME = LaunchImage;
				GCC_PRECOMPILE_PREFIX_HEADER = YES;
				GCC_PREFIX_HEADER = "iKu/iKu-Prefix.pch";
				INFOPLIST_FILE = "iKu/iKu-Info.plist";
				PRODUCT_NAME = "$(TARGET_NAME)";
				WRAPPER_EXTENSION = app;
			};
			name = Debug;
		};
		6B8CB163192D29A900A119D5 /* Release */ = {
			isa = XCBuildConfiguration;
			buildSettings = {
				ASSETCATALOG_COMPILER_APPICON_NAME = AppIcon;
				ASSETCATALOG_COMPILER_LAUNCHIMAGE_NAME = LaunchImage;
				GCC_PRECOMPILE_PREFIX_HEADER = YES;
				GCC_PREFIX_HEADER = "iKu/iKu-Prefix.pch";
				INFOPLIST_FILE = "iKu/iKu-Info.plist";
				PRODUCT_NAME = "$(TARGET_NAME)";
				WRAPPER_EXTENSION = app;
			};
			name = Release;
		};
		6B8CB165192D29A900A119D5 /* Debug */ = {
			isa = XCBuildConfiguration;
			buildSettings = {
				FRAMEWORK_SEARCH_PATHS = (
					"$(SDKROOT)/Developer/Library/Frameworks",
					"$(inherited)",
					"$(DEVELOPER_FRAMEWORKS_DIR)",
				);
				GCC_PRECOMPILE_PREFIX_HEADER = YES;
				GCC_PREFIX_HEADER = "iKu/iKu-Prefix.pch";
				GCC_PREPROCESSOR_DEFINITIONS = (
					"DEBUG=1",
					"$(inherited)",
				);
				INFOPLIST_FILE = "iKuTests/iKuTests-Info.plist";
				PRODUCT_NAME = "$(TARGET_NAME)";
				WRAPPER_EXTENSION = xctest;
			};
			name = Debug;
		};
		6B8CB166192D29A900A119D5 /* Release */ = {
			isa = XCBuildConfiguration;
			buildSettings = {
				FRAMEWORK_SEARCH_PATHS = (
					"$(SDKROOT)/Developer/Library/Frameworks",
					"$(inherited)",
					"$(DEVELOPER_FRAMEWORKS_DIR)",
				);
				GCC_PRECOMPILE_PREFIX_HEADER = YES;
				GCC_PREFIX_HEADER = "iKu/iKu-Prefix.pch";
				INFOPLIST_FILE = "iKuTests/iKuTests-Info.plist";
				PRODUCT_NAME = "$(TARGET_NAME)";
				WRAPPER_EXTENSION = xctest;
			};
			name = Release;
		};
/* End XCBuildConfiguration section */

/* Begin XCConfigurationList section */
		6B8CB130192D29A900A119D5 /* Build configuration list for PBXProject "iKu" */ = {
			isa = XCConfigurationList;
			buildConfigurations = (
				6B8CB15F192D29A900A119D5 /* Debug */,
				6B8CB160192D29A900A119D5 /* Release */,
			);
			defaultConfigurationIsVisible = 0;
			defaultConfigurationName = Release;
		};
		6B8CB161192D29A900A119D5 /* Build configuration list for PBXNativeTarget "iKu" */ = {
			isa = XCConfigurationList;
			buildConfigurations = (
				6B8CB162192D29A900A119D5 /* Debug */,
				6B8CB163192D29A900A119D5 /* Release */,
			);
			defaultConfigurationIsVisible = 0;
		};
		6B8CB164192D29A900A119D5 /* Build configuration list for PBXNativeTarget "iKuTests" */ = {
			isa = XCConfigurationList;
			buildConfigurations = (
				6B8CB165192D29A900A119D5 /* Debug */,
				6B8CB166192D29A900A119D5 /* Release */,
			);
			defaultConfigurationIsVisible = 0;
		};
/* End XCConfigurationList section */
	};
	rootObject = 6B8CB12D192D29A900A119D5 /* Project object */;
}
